
Microsoft Visual Studio Solution File, Format Version 12.00
# Visual Studio Version 18
VisualStudioVersion = 18.3.11222.16
MinimumVisualStudioVersion = 10.0.40219.1
Project("{FAE04EC0-301F-11D3-BF4B-00C04F79EFBC}") = "Sdl.MultiSelectComboBox", "Sdl.MultiSelectComboBox\Sdl.MultiSelectComboBox.csproj", "{9B3DCB00-47E4-4DB5-A422-28D1733EF177}"
EndProject
Project("{FAE04EC0-301F-11D3-BF4B-00C04F79EFBC}") = "Sdl.MultiSelectComboBox.Example", "MultiSelectComboBox.Example\Sdl.MultiSelectComboBox.Example.csproj", "{3DAA07EA-D94E-495A-8A58-DE907ABE6990}"
EndProject
Project("{FAE04EC0-301F-11D3-BF4B-00C04F79EFBC}") = "Sdl.MultiSelectComboBox.WinUI", "Sdl.MultiSelectComboBox.WinUI\Sdl.MultiSelectComboBox.WinUI.csproj", "{E06B2ADA-8116-5F8D-07C9-F07AFDA9EDE9}"
EndProject
Project("{D954291E-2A0B-460D-934E-DC6B0785DB48}") = "Sdl.MultiSelectComboBox.Shared", "Sdl.MultiSelectComboBox.Shared\Sdl.MultiSelectComboBox.Shared.shproj", "{B486F8B1-67B5-4EA4-BC0C-5E8C1BFA82E8}"
EndProject
Project("{FAE04EC0-301F-11D3-BF4B-00C04F79EFBC}") = "Sdl.MultiSelectComboBox.Example.WinUI", "Sdl.MultiSelectComboBox.Example.WinUI\Sdl.MultiSelectComboBox.Example.WinUI.csproj", "{5420B84C-9C04-8884-0B96-ABA499382AF8}"
EndProject
Global
	GlobalSection(SolutionConfigurationPlatforms) = preSolution
		Debug|Any CPU = Debug|Any CPU
		Release|Any CPU = Release|Any CPU
	EndGlobalSection
	GlobalSection(ProjectConfigurationPlatforms) = postSolution
		{9B3DCB00-47E4-4DB5-A422-28D1733EF177}.Debug|Any CPU.ActiveCfg = Debug|Any CPU
		{9B3DCB00-47E4-4DB5-A422-28D1733EF177}.Debug|Any CPU.Build.0 = Debug|Any CPU
		{9B3DCB00-47E4-4DB5-A422-28D1733EF177}.Release|Any CPU.ActiveCfg = Release|Any CPU
		{9B3DCB00-47E4-4DB5-A422-28D1733EF177}.Release|Any CPU.Build.0 = Release|Any CPU
		{3DAA07EA-D94E-495A-8A58-DE907ABE6990}.Debug|Any CPU.ActiveCfg = Debug|Any CPU
		{3DAA07EA-D94E-495A-8A58-DE907ABE6990}.Debug|Any CPU.Build.0 = Debug|Any CPU
		{3DAA07EA-D94E-495A-8A58-DE907ABE6990}.Release|Any CPU.ActiveCfg = Release|Any CPU
		{3DAA07EA-D94E-495A-8A58-DE907ABE6990}.Release|Any CPU.Build.0 = Release|Any CPU
		{E06B2ADA-8116-5F8D-07C9-F07AFDA9EDE9}.Debug|Any CPU.ActiveCfg = Debug|Any CPU
		{E06B2ADA-8116-5F8D-07C9-F07AFDA9EDE9}.Debug|Any CPU.Build.0 = Debug|Any CPU
		{E06B2ADA-8116-5F8D-07C9-F07AFDA9EDE9}.Release|Any CPU.ActiveCfg = Release|Any CPU
		{E06B2ADA-8116-5F8D-07C9-F07AFDA9EDE9}.Release|Any CPU.Build.0 = Release|Any CPU
		{5420B84C-9C04-8884-0B96-ABA499382AF8}.Debug|Any CPU.ActiveCfg = Debug|Any CPU
		{5420B84C-9C04-8884-0B96-ABA499382AF8}.Debug|Any CPU.Build.0 = Debug|Any CPU
		{5420B84C-9C04-8884-0B96-ABA499382AF8}.Release|Any CPU.ActiveCfg = Release|Any CPU
		{5420B84C-9C04-8884-0B96-ABA499382AF8}.Release|Any CPU.Build.0 = Release|Any CPU
	EndGlobalSection
	GlobalSection(SolutionProperties) = preSolution
		HideSolutionNode = FALSE
	EndGlobalSection
	GlobalSection(ExtensibilityGlobals) = postSolution
		SolutionGuid = {39A7B59B-BAC0-4F37-8C98-06A9FA5ACC8A}
	EndGlobalSection
	GlobalSection(SharedMSBuildProjectFiles) = preSolution
		Sdl.MultiSelectComboBox.Shared\Sdl.MultiSelectComboBox.Shared.projitems*{9b3dcb00-47e4-4db5-a422-28d1733ef177}*SharedItemsImports = 5
		Sdl.MultiSelectComboBox.Shared\Sdl.MultiSelectComboBox.Shared.projitems*{b486f8b1-67b5-4ea4-bc0c-5e8c1bfa82e8}*SharedItemsImports = 13
		Sdl.MultiSelectComboBox.Shared\Sdl.MultiSelectComboBox.Shared.projitems*{e06b2ada-8116-5f8d-07c9-f07afda9ede9}*SharedItemsImports = 5
	EndGlobalSection
EndGlobal
